<?xml version="1.0" encoding="UTF-8" standalone="yes" ?>
<CodeBlocks_project_file>
	<FileVersion major="1" minor="6" />
	<Project>
		<Option title="c_1I" />
		<Option pch_mode="2" />
		<Option compiler="gcc" />
		<Build>
			<Target title="Debug">
				<Option output="bin/Debug/c_1I" prefix_auto="1" extension_auto="1" />
				<Option object_output="obj/Debug/" />
				<Option type="1" />
				<Option compiler="gcc" />
				<Compiler>
					<Add option="-g" />
				</Compiler>
			</Target>
			<Target title="Release">
				<Option output="bin/Release/c_1I" prefix_auto="1" extension_auto="1" />
				<Option object_output="obj/Release/" />
				<Option type="1" />
				<Option compiler="gcc" />
				<Compiler>
					<Add option="-O2" />
				</Compiler>
				<Linker>
					<Add option="-s" />
				</Linker>
			</Target>
		</Build>
		<Compiler>
			<Add option="-Wall" />
		</Compiler>
		<Unit filename="Ball_intelligency.c">
			<Option compilerVar="CC" />
		</Unit>
		<Unit filename="Border.c">
			<Option compilerVar="CC" />
		</Unit>
		<Unit filename="Computer_intelligency.c">
			<Option compilerVar="CC" />
		</Unit>
		<Unit filename="exit_the_game.c">
			<Option compilerVar="CC" />
		</Unit>
		<Unit filename="gotoxy.c">
			<Option compilerVar="CC" />
		</Unit>
		<Unit filename="header.h" />
		<Unit filename="in_game_score.c">
			<Option compilerVar="CC" />
		</Unit>
		<Unit filename="initialize all to zer0.c">
			<Option compilerVar="CC" />
		</Unit>
		<Unit filename="instruction.c">
			<Option compilerVar="CC" />
		</Unit>
		<Unit filename="load_credits.c">
			<Option compilerVar="CC" />
		</Unit>
		<Unit filename="main.c">
			<Option compilerVar="CC" />
		</Unit>
		<Unit filename="new_game.c">
			<Option compilerVar="CC" />
		</Unit>
		<Unit filename="planks and ball.c">
			<Option compilerVar="CC" />
		</Unit>
		<Unit filename="score.c">
			<Option compilerVar="CC" />
		</Unit>
		<Unit filename="score_database.c">
			<Option compilerVar="CC" />
		</Unit>
		<Unit filename="selection_loop.c">
			<Option compilerVar="CC" />
		</Unit>
		<Extensions>
			<code_completion />
			<envvars />
			<debugger />
		</Extensions>
	</Project>
</CodeBlocks_project_file>
